
Microsoft Visual Studio Solution File, Format Version 12.00
# Visual Studio Version 16
VisualStudioVersion = 16.0.29926.136
MinimumVisualStudioVersion = 10.0.40219.1
Project("{FAE04EC0-301F-11D3-BF4B-00C04F79EFBC}") = "TR2Randomizer", "TR2Randomizer\TR2Randomizer.csproj", "{AF10D844-BBF2-4421-A76B-2C7A478D762C}"
EndProject
Global
	GlobalSection(SolutionConfigurationPlatforms) = preSolution
		Debug|Any CPU = Debug|Any CPU
		Release|Any CPU = Release|Any CPU
	EndGlobalSection
	GlobalSection(ProjectConfigurationPlatforms) = postSolution
		{AF10D844-BBF2-4421-A76B-2C7A478D762C}.Debug|Any CPU.ActiveCfg = Debug|Any CPU
		{AF10D844-BBF2-4421-A76B-2C7A478D762C}.Debug|Any CPU.Build.0 = Debug|Any CPU
		{AF10D844-BBF2-4421-A76B-2C7A478D762C}.Release|Any CPU.ActiveCfg = Release|Any CPU
		{AF10D844-BBF2-4421-A76B-2C7A478D762C}.Release|Any CPU.Build.0 = Release|Any CPU
	EndGlobalSection
	GlobalSection(SolutionProperties) = preSolution
		HideSolutionNode = FALSE
	EndGlobalSection
	GlobalSection(ExtensibilityGlobals) = postSolution
		SolutionGuid = {B68A2054-7393-4B0D-9004-0E92FB8324FC}
	EndGlobalSection
EndGlobal
