
Microsoft Visual Studio Solution File, Format Version 12.00
# Visual Studio Version 17
VisualStudioVersion = 17.0.31919.166
MinimumVisualStudioVersion = 10.0.40219.1
Project("{FAE04EC0-301F-11D3-BF4B-00C04F79EFBC}") = "TR2Randomizer", "TR2Randomizer\TR2Randomizer.csproj", "{AF10D844-BBF2-4421-A76B-2C7A478D762C}"
EndProject
Project("{9A19103F-16F7-4668-BE54-9A1E7A4F7556}") = "TRLevelReader", "TRLevelReader\TRLevelReader.csproj", "{226C4A3A-4FBB-4C15-AED4-C9248EB3A144}"
EndProject
Project("{9A19103F-16F7-4668-BE54-9A1E7A4F7556}") = "TRLevelReaderUnitTests", "TRLevelReaderUnitTests\TRLevelReaderUnitTests.csproj", "{4364B084-8063-4D82-A12C-008D6482E3E6}"
EndProject
Project("{9A19103F-16F7-4668-BE54-9A1E7A4F7556}") = "TRViewInterop", "TRViewInterop\TRViewInterop.csproj", "{31290B2E-015E-41D6-86B8-5F9085D29C86}"
EndProject
Project("{2150E333-8FDC-42A3-9474-1A3956D46DE8}") = "Utilities", "Utilities", "{5F1A11E5-F541-4E3B-B331-93574EE4C629}"
EndProject
Project("{9A19103F-16F7-4668-BE54-9A1E7A4F7556}") = "TextureExport", "TextureExport\TextureExport.csproj", "{108D4840-3E84-466F-B5DE-AF00EECA8103}"
EndProject
Project("{9A19103F-16F7-4668-BE54-9A1E7A4F7556}") = "TRTexture16Importer", "TRTexture16Importer\TRTexture16Importer.csproj", "{29F10C62-F4D8-4ACA-91ED-6920AE3F1AC0}"
EndProject
Project("{FAE04EC0-301F-11D3-BF4B-00C04F79EFBC}") = "TRRandomizerView", "TRRandomizerView\TRRandomizerView.csproj", "{6CE82358-524D-4B12-A514-0903521ED13C}"
EndProject
Project("{9A19103F-16F7-4668-BE54-9A1E7A4F7556}") = "TRRandomizerCore", "TRRandomizerCore\TRRandomizerCore.csproj", "{B657D758-A095-44B5-AEF1-C77C30667DAF}"
EndProject
Project("{9A19103F-16F7-4668-BE54-9A1E7A4F7556}") = "TRFDControl", "TRFDControl\TRFDControl.csproj", "{09ABCF27-6777-4866-8740-3EAD3F6B86FC}"
EndProject
Project("{9A19103F-16F7-4668-BE54-9A1E7A4F7556}") = "TRModelTransporter", "TRModelTransporter\TRModelTransporter.csproj", "{6CE83D8E-30E4-4CE1-9228-8657EF186A17}"
EndProject
Project("{9A19103F-16F7-4668-BE54-9A1E7A4F7556}") = "TREnvironmentEditor", "TREnvironmentEditor\TREnvironmentEditor.csproj", "{1667C53D-0CCA-48A9-90B7-4950BD92BDFF}"
EndProject
Project("{9A19103F-16F7-4668-BE54-9A1E7A4F7556}") = "SFXExport", "SFXExport\SFXExport.csproj", "{D3662F36-C8D8-471C-8F43-192CE748B04E}"
EndProject
Project("{9A19103F-16F7-4668-BE54-9A1E7A4F7556}") = "ModelExport", "ModelExport\ModelExport.csproj", "{62336986-BC9F-447E-A046-E24E8153C5AF}"
EndProject
Project("{9A19103F-16F7-4668-BE54-9A1E7A4F7556}") = "LocationExport", "LocationExport\LocationExport.csproj", "{D69A8033-C014-421E-9DFA-29D5B8A547B2}"
EndProject
Project("{FAE04EC0-301F-11D3-BF4B-00C04F79EFBC}") = "TR1-NormalJumping", "TR1-NormalJumping\TR1-NormalJumping.csproj", "{FE2ADEDD-C7FF-4A6B-809B-6F9007EFABE2}"
EndProject
Project("{FAE04EC0-301F-11D3-BF4B-00C04F79EFBC}") = "TRLevelToolset", "TRLevelToolset\TRLevelToolset.csproj", "{4B75F7F5-A3D4-465F-A8B8-F5142057FD97}"
EndProject
Global
	GlobalSection(SolutionConfigurationPlatforms) = preSolution
		Debug|Any CPU = Debug|Any CPU
		Release|Any CPU = Release|Any CPU
	EndGlobalSection
	GlobalSection(ProjectConfigurationPlatforms) = postSolution
		{AF10D844-BBF2-4421-A76B-2C7A478D762C}.Debug|Any CPU.ActiveCfg = Debug|Any CPU
		{AF10D844-BBF2-4421-A76B-2C7A478D762C}.Debug|Any CPU.Build.0 = Debug|Any CPU
		{AF10D844-BBF2-4421-A76B-2C7A478D762C}.Release|Any CPU.ActiveCfg = Release|Any CPU
		{AF10D844-BBF2-4421-A76B-2C7A478D762C}.Release|Any CPU.Build.0 = Release|Any CPU
		{226C4A3A-4FBB-4C15-AED4-C9248EB3A144}.Debug|Any CPU.ActiveCfg = Debug|Any CPU
		{226C4A3A-4FBB-4C15-AED4-C9248EB3A144}.Debug|Any CPU.Build.0 = Debug|Any CPU
		{226C4A3A-4FBB-4C15-AED4-C9248EB3A144}.Release|Any CPU.ActiveCfg = Release|Any CPU
		{226C4A3A-4FBB-4C15-AED4-C9248EB3A144}.Release|Any CPU.Build.0 = Release|Any CPU
		{4364B084-8063-4D82-A12C-008D6482E3E6}.Debug|Any CPU.ActiveCfg = Debug|Any CPU
		{4364B084-8063-4D82-A12C-008D6482E3E6}.Debug|Any CPU.Build.0 = Debug|Any CPU
		{4364B084-8063-4D82-A12C-008D6482E3E6}.Release|Any CPU.ActiveCfg = Release|Any CPU
		{4364B084-8063-4D82-A12C-008D6482E3E6}.Release|Any CPU.Build.0 = Release|Any CPU
		{31290B2E-015E-41D6-86B8-5F9085D29C86}.Debug|Any CPU.ActiveCfg = Debug|Any CPU
		{31290B2E-015E-41D6-86B8-5F9085D29C86}.Debug|Any CPU.Build.0 = Debug|Any CPU
		{31290B2E-015E-41D6-86B8-5F9085D29C86}.Release|Any CPU.ActiveCfg = Release|Any CPU
		{31290B2E-015E-41D6-86B8-5F9085D29C86}.Release|Any CPU.Build.0 = Release|Any CPU
		{108D4840-3E84-466F-B5DE-AF00EECA8103}.Debug|Any CPU.ActiveCfg = Debug|Any CPU
		{108D4840-3E84-466F-B5DE-AF00EECA8103}.Debug|Any CPU.Build.0 = Debug|Any CPU
		{108D4840-3E84-466F-B5DE-AF00EECA8103}.Release|Any CPU.ActiveCfg = Release|Any CPU
		{108D4840-3E84-466F-B5DE-AF00EECA8103}.Release|Any CPU.Build.0 = Release|Any CPU
		{29F10C62-F4D8-4ACA-91ED-6920AE3F1AC0}.Debug|Any CPU.ActiveCfg = Debug|Any CPU
		{29F10C62-F4D8-4ACA-91ED-6920AE3F1AC0}.Debug|Any CPU.Build.0 = Debug|Any CPU
		{29F10C62-F4D8-4ACA-91ED-6920AE3F1AC0}.Release|Any CPU.ActiveCfg = Release|Any CPU
		{29F10C62-F4D8-4ACA-91ED-6920AE3F1AC0}.Release|Any CPU.Build.0 = Release|Any CPU
		{6CE82358-524D-4B12-A514-0903521ED13C}.Debug|Any CPU.ActiveCfg = Debug|Any CPU
		{6CE82358-524D-4B12-A514-0903521ED13C}.Debug|Any CPU.Build.0 = Debug|Any CPU
		{6CE82358-524D-4B12-A514-0903521ED13C}.Release|Any CPU.ActiveCfg = Release|Any CPU
		{6CE82358-524D-4B12-A514-0903521ED13C}.Release|Any CPU.Build.0 = Release|Any CPU
		{B657D758-A095-44B5-AEF1-C77C30667DAF}.Debug|Any CPU.ActiveCfg = Debug|Any CPU
		{B657D758-A095-44B5-AEF1-C77C30667DAF}.Debug|Any CPU.Build.0 = Debug|Any CPU
		{B657D758-A095-44B5-AEF1-C77C30667DAF}.Release|Any CPU.ActiveCfg = Release|Any CPU
		{B657D758-A095-44B5-AEF1-C77C30667DAF}.Release|Any CPU.Build.0 = Release|Any CPU
		{09ABCF27-6777-4866-8740-3EAD3F6B86FC}.Debug|Any CPU.ActiveCfg = Debug|Any CPU
		{09ABCF27-6777-4866-8740-3EAD3F6B86FC}.Debug|Any CPU.Build.0 = Debug|Any CPU
		{09ABCF27-6777-4866-8740-3EAD3F6B86FC}.Release|Any CPU.ActiveCfg = Release|Any CPU
		{09ABCF27-6777-4866-8740-3EAD3F6B86FC}.Release|Any CPU.Build.0 = Release|Any CPU
		{6CE83D8E-30E4-4CE1-9228-8657EF186A17}.Debug|Any CPU.ActiveCfg = Debug|Any CPU
		{6CE83D8E-30E4-4CE1-9228-8657EF186A17}.Debug|Any CPU.Build.0 = Debug|Any CPU
		{6CE83D8E-30E4-4CE1-9228-8657EF186A17}.Release|Any CPU.ActiveCfg = Release|Any CPU
		{6CE83D8E-30E4-4CE1-9228-8657EF186A17}.Release|Any CPU.Build.0 = Release|Any CPU
		{1667C53D-0CCA-48A9-90B7-4950BD92BDFF}.Debug|Any CPU.ActiveCfg = Debug|Any CPU
		{1667C53D-0CCA-48A9-90B7-4950BD92BDFF}.Debug|Any CPU.Build.0 = Debug|Any CPU
		{1667C53D-0CCA-48A9-90B7-4950BD92BDFF}.Release|Any CPU.ActiveCfg = Release|Any CPU
		{1667C53D-0CCA-48A9-90B7-4950BD92BDFF}.Release|Any CPU.Build.0 = Release|Any CPU
		{D3662F36-C8D8-471C-8F43-192CE748B04E}.Debug|Any CPU.ActiveCfg = Debug|Any CPU
		{D3662F36-C8D8-471C-8F43-192CE748B04E}.Debug|Any CPU.Build.0 = Debug|Any CPU
		{D3662F36-C8D8-471C-8F43-192CE748B04E}.Release|Any CPU.ActiveCfg = Release|Any CPU
		{D3662F36-C8D8-471C-8F43-192CE748B04E}.Release|Any CPU.Build.0 = Release|Any CPU
		{62336986-BC9F-447E-A046-E24E8153C5AF}.Debug|Any CPU.ActiveCfg = Debug|Any CPU
		{62336986-BC9F-447E-A046-E24E8153C5AF}.Debug|Any CPU.Build.0 = Debug|Any CPU
		{62336986-BC9F-447E-A046-E24E8153C5AF}.Release|Any CPU.ActiveCfg = Release|Any CPU
		{62336986-BC9F-447E-A046-E24E8153C5AF}.Release|Any CPU.Build.0 = Release|Any CPU
		{D69A8033-C014-421E-9DFA-29D5B8A547B2}.Debug|Any CPU.ActiveCfg = Debug|Any CPU
		{D69A8033-C014-421E-9DFA-29D5B8A547B2}.Debug|Any CPU.Build.0 = Debug|Any CPU
		{D69A8033-C014-421E-9DFA-29D5B8A547B2}.Release|Any CPU.ActiveCfg = Release|Any CPU
		{D69A8033-C014-421E-9DFA-29D5B8A547B2}.Release|Any CPU.Build.0 = Release|Any CPU
		{FE2ADEDD-C7FF-4A6B-809B-6F9007EFABE2}.Debug|Any CPU.ActiveCfg = Debug|Any CPU
		{FE2ADEDD-C7FF-4A6B-809B-6F9007EFABE2}.Debug|Any CPU.Build.0 = Debug|Any CPU
		{FE2ADEDD-C7FF-4A6B-809B-6F9007EFABE2}.Release|Any CPU.ActiveCfg = Release|Any CPU
		{FE2ADEDD-C7FF-4A6B-809B-6F9007EFABE2}.Release|Any CPU.Build.0 = Release|Any CPU
		{4B75F7F5-A3D4-465F-A8B8-F5142057FD97}.Debug|Any CPU.ActiveCfg = Debug|Any CPU
		{4B75F7F5-A3D4-465F-A8B8-F5142057FD97}.Debug|Any CPU.Build.0 = Debug|Any CPU
		{4B75F7F5-A3D4-465F-A8B8-F5142057FD97}.Release|Any CPU.ActiveCfg = Release|Any CPU
		{4B75F7F5-A3D4-465F-A8B8-F5142057FD97}.Release|Any CPU.Build.0 = Release|Any CPU
	EndGlobalSection
	GlobalSection(SolutionProperties) = preSolution
		HideSolutionNode = FALSE
	EndGlobalSection
	GlobalSection(NestedProjects) = preSolution
		{108D4840-3E84-466F-B5DE-AF00EECA8103} = {5F1A11E5-F541-4E3B-B331-93574EE4C629}
		{D3662F36-C8D8-471C-8F43-192CE748B04E} = {5F1A11E5-F541-4E3B-B331-93574EE4C629}
		{62336986-BC9F-447E-A046-E24E8153C5AF} = {5F1A11E5-F541-4E3B-B331-93574EE4C629}
		{D69A8033-C014-421E-9DFA-29D5B8A547B2} = {5F1A11E5-F541-4E3B-B331-93574EE4C629}
		{FE2ADEDD-C7FF-4A6B-809B-6F9007EFABE2} = {5F1A11E5-F541-4E3B-B331-93574EE4C629}
		{4B75F7F5-A3D4-465F-A8B8-F5142057FD97} = {5F1A11E5-F541-4E3B-B331-93574EE4C629}
	EndGlobalSection
	GlobalSection(ExtensibilityGlobals) = postSolution
		SolutionGuid = {B68A2054-7393-4B0D-9004-0E92FB8324FC}
	EndGlobalSection
EndGlobal
